
Microsoft Visual Studio Solution File, Format Version 12.00
# Visual Studio Version 16
VisualStudioVersion = 16.0.30804.86
MinimumVisualStudioVersion = 10.0.40219.1
Project("{FAE04EC0-301F-11D3-BF4B-00C04F79EFBC}") = "learn_仓库管理系统", "learn_仓库管理系统\learn_仓库管理系统.csproj", "{3443447A-AECD-4350-9E47-648AE09D9C2C}"
EndProject
Global
	GlobalSection(SolutionConfigurationPlatforms) = preSolution
		Debug|Any CPU = Debug|Any CPU
		Release|Any CPU = Release|Any CPU
	EndGlobalSection
	GlobalSection(ProjectConfigurationPlatforms) = postSolution
		{3443447A-AECD-4350-9E47-648AE09D9C2C}.Debug|Any CPU.ActiveCfg = Debug|Any CPU
		{3443447A-AECD-4350-9E47-648AE09D9C2C}.Debug|Any CPU.Build.0 = Debug|Any CPU
		{3443447A-AECD-4350-9E47-648AE09D9C2C}.Release|Any CPU.ActiveCfg = Release|Any CPU
		{3443447A-AECD-4350-9E47-648AE09D9C2C}.Release|Any CPU.Build.0 = Release|Any CPU
	EndGlobalSection
	GlobalSection(SolutionProperties) = preSolution
		HideSolutionNode = FALSE
	EndGlobalSection
	GlobalSection(ExtensibilityGlobals) = postSolution
		SolutionGuid = {237FDE0E-BC23-4F82-9D9D-A1498CA7268E}
	EndGlobalSection
EndGlobal
